
Microsoft Visual Studio Solution File, Format Version 12.00
# Visual Studio Version 17
VisualStudioVersion = 17.11.35327.3
MinimumVisualStudioVersion = 10.0.40219.1
Project("{FAE04EC0-301F-11D3-BF4B-00C04F79EFBC}") = "ImageOrganization", "ImageOrganization\ImageOrganization.csproj", "{613FE998-576A-4DBF-B490-B458B0E01DD5}"
EndProject
Project("{FAE04EC0-301F-11D3-BF4B-00C04F79EFBC}") = "ImageOrganization.Domian", "ImageOrganization.Domian\ImageOrganization.Domian.csproj", "{278FA374-ABD4-4B5D-89B6-F658BF3949C2}"
EndProject
Project("{FAE04EC0-301F-11D3-BF4B-00C04F79EFBC}") = "ImageOrganization.Application", "ImageOrganization.Application\ImageOrganization.Application.csproj", "{ED7BEEFA-F403-4A55-887D-D1C5C30A1319}"
EndProject
Project("{FAE04EC0-301F-11D3-BF4B-00C04F79EFBC}") = "ImageOrganization.Infrastructure", "ImageOrganization.Infrastructure\ImageOrganization.Infrastructure.csproj", "{5D537C04-9697-4EC9-B178-384B21157115}"
EndProject
Global
	GlobalSection(SolutionConfigurationPlatforms) = preSolution
		Debug|Any CPU = Debug|Any CPU
		Release|Any CPU = Release|Any CPU
	EndGlobalSection
	GlobalSection(ProjectConfigurationPlatforms) = postSolution
		{613FE998-576A-4DBF-B490-B458B0E01DD5}.Debug|Any CPU.ActiveCfg = Debug|Any CPU
		{613FE998-576A-4DBF-B490-B458B0E01DD5}.Debug|Any CPU.Build.0 = Debug|Any CPU
		{613FE998-576A-4DBF-B490-B458B0E01DD5}.Release|Any CPU.ActiveCfg = Release|Any CPU
		{613FE998-576A-4DBF-B490-B458B0E01DD5}.Release|Any CPU.Build.0 = Release|Any CPU
		{278FA374-ABD4-4B5D-89B6-F658BF3949C2}.Debug|Any CPU.ActiveCfg = Debug|Any CPU
		{278FA374-ABD4-4B5D-89B6-F658BF3949C2}.Debug|Any CPU.Build.0 = Debug|Any CPU
		{278FA374-ABD4-4B5D-89B6-F658BF3949C2}.Release|Any CPU.ActiveCfg = Release|Any CPU
		{278FA374-ABD4-4B5D-89B6-F658BF3949C2}.Release|Any CPU.Build.0 = Release|Any CPU
		{ED7BEEFA-F403-4A55-887D-D1C5C30A1319}.Debug|Any CPU.ActiveCfg = Debug|Any CPU
		{ED7BEEFA-F403-4A55-887D-D1C5C30A1319}.Debug|Any CPU.Build.0 = Debug|Any CPU
		{ED7BEEFA-F403-4A55-887D-D1C5C30A1319}.Release|Any CPU.ActiveCfg = Release|Any CPU
		{ED7BEEFA-F403-4A55-887D-D1C5C30A1319}.Release|Any CPU.Build.0 = Release|Any CPU
		{5D537C04-9697-4EC9-B178-384B21157115}.Debug|Any CPU.ActiveCfg = Debug|Any CPU
		{5D537C04-9697-4EC9-B178-384B21157115}.Debug|Any CPU.Build.0 = Debug|Any CPU
		{5D537C04-9697-4EC9-B178-384B21157115}.Release|Any CPU.ActiveCfg = Release|Any CPU
		{5D537C04-9697-4EC9-B178-384B21157115}.Release|Any CPU.Build.0 = Release|Any CPU
	EndGlobalSection
	GlobalSection(SolutionProperties) = preSolution
		HideSolutionNode = FALSE
	EndGlobalSection
	GlobalSection(ExtensibilityGlobals) = postSolution
		SolutionGuid = {531BAE1D-A8FC-48C7-A87F-C5077EFF55F3}
	EndGlobalSection
EndGlobal
